
Microsoft Visual Studio Solution File, Format Version 12.00
# Visual Studio Version 17
VisualStudioVersion = 17.0.31903.59
MinimumVisualStudioVersion = 10.0.40219.1
Project("{9A19103F-16F7-4668-BE54-9A1E7A4F7556}") = "Savanna.ConsoleApp", "Savanna.ConsoleApp\Savanna.ConsoleApp.csproj", "{12345678-1234-1234-1234-123456789012}"
EndProject
Project("{9A19103F-16F7-4668-BE54-9A1E7A4F7556}") = "Savanna.GameEngine", "Savanna.GameEngine\Savanna.GameEngine.csproj", "{87654321-4321-4321-4321-210987654321}"
EndProject
Project("{9A19103F-16F7-4668-BE54-9A1E7A4F7556}") = "Savanna.Tests", "Savanna.Tests\Savanna.Tests.csproj", "{FD624442-3D4A-4DF5-A358-1BB1170E963A}"
EndProject
Project("{9A19103F-16F7-4668-BE54-9A1E7A4F7556}") = "Savanna.Common", "Savanna.Common\Savanna.Common.csproj", "{74CFE69A-1853-4B77-BEBD-FEE413F1D5AB}"
EndProject
Project("{9A19103F-16F7-4668-BE54-9A1E7A4F7556}") = "Savanna.Plugins", "Savanna.Plugins\Savanna.Plugins.csproj", "{A5E89B6F-D2C1-4DB3-9A7C-3BAA54CBEE4F}"
EndProject
Project("{9A19103F-16F7-4668-BE54-9A1E7A4F7556}") = "Savanna.Plugins.Zebra", "Savanna.Plugins.Zebra\Savanna.Plugins.Zebra.csproj", "{B7F91D2E-5A3F-4E8A-B73D-9C4C6D4E48A2}"
EndProject
Project("{9A19103F-16F7-4668-BE54-9A1E7A4F7556}") = "Savanna.Plugins.Tiger", "Savanna.Plugins.Tiger\Savanna.Plugins.Tiger.csproj", "{AA63DE46-A0F5-4105-92CD-153E4F4D0578}"
EndProject
Project("{FAE04EC0-301F-11D3-BF4B-00C04F79EFBC}") = "Savanna.Web", "Savanna.Web\Savanna.Web.csproj", "{3CFF64C9-6FEC-4EFC-A56B-DF8BFD83CCCA}"
EndProject
Project("{FAE04EC0-301F-11D3-BF4B-00C04F79EFBC}") = "Savanna.Infrastructure", "Savanna.Infrastructure\Savanna.Infrastructure.csproj", "{7440E072-1EDD-48CE-8455-4AAE9721C916}"
EndProject
Project("{FAE04EC0-301F-11D3-BF4B-00C04F79EFBC}") = "Savanna.Services", "Savanna.Services\Savanna.Services.csproj", "{AAAEDCEE-7150-42C1-BA44-86FC34D2BCBC}"
EndProject
Global
	GlobalSection(SolutionConfigurationPlatforms) = preSolution
		Debug|Any CPU = Debug|Any CPU
		Release|Any CPU = Release|Any CPU
	EndGlobalSection
	GlobalSection(ProjectConfigurationPlatforms) = postSolution
		{12345678-1234-1234-1234-123456789012}.Debug|Any CPU.ActiveCfg = Debug|Any CPU
		{12345678-1234-1234-1234-123456789012}.Debug|Any CPU.Build.0 = Debug|Any CPU
		{12345678-1234-1234-1234-123456789012}.Release|Any CPU.ActiveCfg = Release|Any CPU
		{12345678-1234-1234-1234-123456789012}.Release|Any CPU.Build.0 = Release|Any CPU
		{87654321-4321-4321-4321-210987654321}.Debug|Any CPU.ActiveCfg = Debug|Any CPU
		{87654321-4321-4321-4321-210987654321}.Debug|Any CPU.Build.0 = Debug|Any CPU
		{87654321-4321-4321-4321-210987654321}.Release|Any CPU.ActiveCfg = Release|Any CPU
		{87654321-4321-4321-4321-210987654321}.Release|Any CPU.Build.0 = Release|Any CPU
		{FD624442-3D4A-4DF5-A358-1BB1170E963A}.Debug|Any CPU.ActiveCfg = Debug|Any CPU
		{FD624442-3D4A-4DF5-A358-1BB1170E963A}.Debug|Any CPU.Build.0 = Debug|Any CPU
		{FD624442-3D4A-4DF5-A358-1BB1170E963A}.Release|Any CPU.ActiveCfg = Release|Any CPU
		{FD624442-3D4A-4DF5-A358-1BB1170E963A}.Release|Any CPU.Build.0 = Release|Any CPU
		{74CFE69A-1853-4B77-BEBD-FEE413F1D5AB}.Debug|Any CPU.ActiveCfg = Debug|Any CPU
		{74CFE69A-1853-4B77-BEBD-FEE413F1D5AB}.Debug|Any CPU.Build.0 = Debug|Any CPU
		{74CFE69A-1853-4B77-BEBD-FEE413F1D5AB}.Release|Any CPU.ActiveCfg = Release|Any CPU
		{74CFE69A-1853-4B77-BEBD-FEE413F1D5AB}.Release|Any CPU.Build.0 = Release|Any CPU
		{A5E89B6F-D2C1-4DB3-9A7C-3BAA54CBEE4F}.Debug|Any CPU.ActiveCfg = Debug|Any CPU
		{A5E89B6F-D2C1-4DB3-9A7C-3BAA54CBEE4F}.Debug|Any CPU.Build.0 = Debug|Any CPU
		{A5E89B6F-D2C1-4DB3-9A7C-3BAA54CBEE4F}.Release|Any CPU.ActiveCfg = Release|Any CPU
		{A5E89B6F-D2C1-4DB3-9A7C-3BAA54CBEE4F}.Release|Any CPU.Build.0 = Release|Any CPU
		{B7F91D2E-5A3F-4E8A-B73D-9C4C6D4E48A2}.Debug|Any CPU.ActiveCfg = Debug|Any CPU
		{B7F91D2E-5A3F-4E8A-B73D-9C4C6D4E48A2}.Debug|Any CPU.Build.0 = Debug|Any CPU
		{B7F91D2E-5A3F-4E8A-B73D-9C4C6D4E48A2}.Release|Any CPU.ActiveCfg = Release|Any CPU
		{B7F91D2E-5A3F-4E8A-B73D-9C4C6D4E48A2}.Release|Any CPU.Build.0 = Release|Any CPU
		{AA63DE46-A0F5-4105-92CD-153E4F4D0578}.Debug|Any CPU.ActiveCfg = Debug|Any CPU
		{AA63DE46-A0F5-4105-92CD-153E4F4D0578}.Debug|Any CPU.Build.0 = Debug|Any CPU
		{AA63DE46-A0F5-4105-92CD-153E4F4D0578}.Release|Any CPU.ActiveCfg = Release|Any CPU
		{AA63DE46-A0F5-4105-92CD-153E4F4D0578}.Release|Any CPU.Build.0 = Release|Any CPU
		{3CFF64C9-6FEC-4EFC-A56B-DF8BFD83CCCA}.Debug|Any CPU.ActiveCfg = Debug|Any CPU
		{3CFF64C9-6FEC-4EFC-A56B-DF8BFD83CCCA}.Debug|Any CPU.Build.0 = Debug|Any CPU
		{3CFF64C9-6FEC-4EFC-A56B-DF8BFD83CCCA}.Release|Any CPU.ActiveCfg = Release|Any CPU
		{3CFF64C9-6FEC-4EFC-A56B-DF8BFD83CCCA}.Release|Any CPU.Build.0 = Release|Any CPU
		{7440E072-1EDD-48CE-8455-4AAE9721C916}.Debug|Any CPU.ActiveCfg = Debug|Any CPU
		{7440E072-1EDD-48CE-8455-4AAE9721C916}.Debug|Any CPU.Build.0 = Debug|Any CPU
		{7440E072-1EDD-48CE-8455-4AAE9721C916}.Release|Any CPU.ActiveCfg = Release|Any CPU
		{7440E072-1EDD-48CE-8455-4AAE9721C916}.Release|Any CPU.Build.0 = Release|Any CPU
		{AAAEDCEE-7150-42C1-BA44-86FC34D2BCBC}.Debug|Any CPU.ActiveCfg = Debug|Any CPU
		{AAAEDCEE-7150-42C1-BA44-86FC34D2BCBC}.Debug|Any CPU.Build.0 = Debug|Any CPU
		{AAAEDCEE-7150-42C1-BA44-86FC34D2BCBC}.Release|Any CPU.ActiveCfg = Release|Any CPU
		{AAAEDCEE-7150-42C1-BA44-86FC34D2BCBC}.Release|Any CPU.Build.0 = Release|Any CPU
	EndGlobalSection
	GlobalSection(SolutionProperties) = preSolution
		HideSolutionNode = FALSE
	EndGlobalSection
	GlobalSection(ExtensibilityGlobals) = postSolution
		SolutionGuid = {8AE2AFD0-AA5B-4BCB-86B4-98555AEBDEC2}
	EndGlobalSection
EndGlobal
